
Microsoft Visual Studio Solution File, Format Version 12.00
# Visual Studio Version 17
VisualStudioVersion = 17.9.34723.18
MinimumVisualStudioVersion = 10.0.40219.1
Project("{9A19103F-16F7-4668-BE54-9A1E7A4F7556}") = "polatrks_AutoClicker", "polatrks_AutoClicker.csproj", "{DD300235-7E74-425D-ACBD-677617816E17}"
EndProject
Global
	GlobalSection(SolutionConfigurationPlatforms) = preSolution
		Debug|Any CPU = Debug|Any CPU
		Release|Any CPU = Release|Any CPU
	EndGlobalSection
	GlobalSection(ProjectConfigurationPlatforms) = postSolution
		{DD300235-7E74-425D-ACBD-677617816E17}.Debug|Any CPU.ActiveCfg = Debug|Any CPU
		{DD300235-7E74-425D-ACBD-677617816E17}.Debug|Any CPU.Build.0 = Debug|Any CPU
		{DD300235-7E74-425D-ACBD-677617816E17}.Release|Any CPU.ActiveCfg = Release|Any CPU
		{DD300235-7E74-425D-ACBD-677617816E17}.Release|Any CPU.Build.0 = Release|Any CPU
	EndGlobalSection
	GlobalSection(SolutionProperties) = preSolution
		HideSolutionNode = FALSE
	EndGlobalSection
	GlobalSection(ExtensibilityGlobals) = postSolution
		SolutionGuid = {E38D9059-EE18-4302-97D0-B44A9B0C77AC}
	EndGlobalSection
EndGlobal
